// !$*UTF8*$!
{
	archiveVersion = 1;
	classes = {
	};
	objectVersion = 56;
	objects = {

/* Begin PBXBuildFile section */
		CC030AB42C3E5267004C9EF7 /* advertsSwiftUIApp.swift in Sources */ = {isa = PBXBuildFile; fileRef = CC030AB32C3E5267004C9EF7 /* advertsSwiftUIApp.swift */; };
		CC030AB62C3E5267004C9EF7 /* ContentView.swift in Sources */ = {isa = PBXBuildFile; fileRef = CC030AB52C3E5267004C9EF7 /* ContentView.swift */; };
		CC030AB82C3E5269004C9EF7 /* Assets.xcassets in Resources */ = {isa = PBXBuildFile; fileRef = CC030AB72C3E5269004C9EF7 /* Assets.xcassets */; };
		CC030ABB2C3E5269004C9EF7 /* Preview Assets.xcassets in Resources */ = {isa = PBXBuildFile; fileRef = CC030ABA2C3E5269004C9EF7 /* Preview Assets.xcassets */; };
		CC030AC42C3E56D1004C9EF7 /* testRepView.swift in Sources */ = {isa = PBXBuildFile; fileRef = CC030AC32C3E56D1004C9EF7 /* testRepView.swift */; };
		CC030AC92C3E577C004C9EF7 /* YandexMobileAdsPackage in Frameworks */ = {isa = PBXBuildFile; productRef = CC030AC82C3E577C004C9EF7 /* YandexMobileAdsPackage */; };
		CC030ACB2C3E57B4004C9EF7 /* MobileAdsBundle.bundle in Resources */ = {isa = PBXBuildFile; fileRef = CC030ACA2C3E57B4004C9EF7 /* MobileAdsBundle.bundle */; };
		CC1D17482C3FF6F00097A248 /* AdvertsView.swift in Sources */ = {isa = PBXBuildFile; fileRef = CC1D17472C3FF6F00097A248 /* AdvertsView.swift */; };
/* End PBXBuildFile section */

/* Begin PBXFileReference section */
		CC030AB02C3E5267004C9EF7 /* advertsSwiftUI.app */ = {isa = PBXFileReference; explicitFileType = wrapper.application; includeInIndex = 0; path = advertsSwiftUI.app; sourceTree = BUILT_PRODUCTS_DIR; };
		CC030AB32C3E5267004C9EF7 /* advertsSwiftUIApp.swift */ = {isa = PBXFileReference; lastKnownFileType = sourcecode.swift; path = advertsSwiftUIApp.swift; sourceTree = "<group>"; };
		CC030AB52C3E5267004C9EF7 /* ContentView.swift */ = {isa = PBXFileReference; lastKnownFileType = sourcecode.swift; path = ContentView.swift; sourceTree = "<group>"; };
		CC030AB72C3E5269004C9EF7 /* Assets.xcassets */ = {isa = PBXFileReference; lastKnownFileType = folder.assetcatalog; path = Assets.xcassets; sourceTree = "<group>"; };
		CC030ABA2C3E5269004C9EF7 /* Preview Assets.xcassets */ = {isa = PBXFileReference; lastKnownFileType = folder.assetcatalog; path = "Preview Assets.xcassets"; sourceTree = "<group>"; };
		CC030AC32C3E56D1004C9EF7 /* testRepView.swift */ = {isa = PBXFileReference; lastKnownFileType = sourcecode.swift; path = testRepView.swift; sourceTree = "<group>"; };
		CC030ACA2C3E57B4004C9EF7 /* MobileAdsBundle.bundle */ = {isa = PBXFileReference; lastKnownFileType = "wrapper.plug-in"; path = MobileAdsBundle.bundle; sourceTree = "<group>"; };
		CC1D17472C3FF6F00097A248 /* AdvertsView.swift */ = {isa = PBXFileReference; fileEncoding = 4; lastKnownFileType = sourcecode.swift; path = AdvertsView.swift; sourceTree = "<group>"; };
/* End PBXFileReference section */

/* Begin PBXFrameworksBuildPhase section */
		CC030AAD2C3E5267004C9EF7 /* Frameworks */ = {
			isa = PBXFrameworksBuildPhase;
			buildActionMask = 2147483647;
			files = (
				CC030AC92C3E577C004C9EF7 /* YandexMobileAdsPackage in Frameworks */,
			);
			runOnlyForDeploymentPostprocessing = 0;
		};
/* End PBXFrameworksBuildPhase section */

/* Begin PBXGroup section */
		CC030AA72C3E5267004C9EF7 = {
			isa = PBXGroup;
			children = (
				CC030ACA2C3E57B4004C9EF7 /* MobileAdsBundle.bundle */,
				CC030AB22C3E5267004C9EF7 /* advertsSwiftUI */,
				CC030AB12C3E5267004C9EF7 /* Products */,
			);
			sourceTree = "<group>";
		};
		CC030AB12C3E5267004C9EF7 /* Products */ = {
			isa = PBXGroup;
			children = (
				CC030AB02C3E5267004C9EF7 /* advertsSwiftUI.app */,
			);
			name = Products;
			sourceTree = "<group>";
		};
		CC030AB22C3E5267004C9EF7 /* advertsSwiftUI */ = {
			isa = PBXGroup;
			children = (
				CC030AB32C3E5267004C9EF7 /* advertsSwiftUIApp.swift */,
				CC030AB52C3E5267004C9EF7 /* ContentView.swift */,
				CC030AB72C3E5269004C9EF7 /* Assets.xcassets */,
				CC030AB92C3E5269004C9EF7 /* Preview Content */,
				CC030AC32C3E56D1004C9EF7 /* testRepView.swift */,
				CC1D17472C3FF6F00097A248 /* AdvertsView.swift */,
			);
			path = advertsSwiftUI;
			sourceTree = "<group>";
		};
		CC030AB92C3E5269004C9EF7 /* Preview Content */ = {
			isa = PBXGroup;
			children = (
				CC030ABA2C3E5269004C9EF7 /* Preview Assets.xcassets */,
			);
			path = "Preview Content";
			sourceTree = "<group>";
		};
/* End PBXGroup section */

/* Begin PBXNativeTarget section */
		CC030AAF2C3E5267004C9EF7 /* advertsSwiftUI */ = {
			isa = PBXNativeTarget;
			buildConfigurationList = CC030ABE2C3E5269004C9EF7 /* Build configuration list for PBXNativeTarget "advertsSwiftUI" */;
			buildPhases = (
				CC030AAC2C3E5267004C9EF7 /* Sources */,
				CC030AAD2C3E5267004C9EF7 /* Frameworks */,
				CC030AAE2C3E5267004C9EF7 /* Resources */,
			);
			buildRules = (
			);
			dependencies = (
			);
			name = advertsSwiftUI;
			packageProductDependencies = (
				CC030AC82C3E577C004C9EF7 /* YandexMobileAdsPackage */,
			);
			productName = advertsSwiftUI;
			productReference = CC030AB02C3E5267004C9EF7 /* advertsSwiftUI.app */;
			productType = "com.apple.product-type.application";
		};
/* End PBXNativeTarget section */

/* Begin PBXProject section */
		CC030AA82C3E5267004C9EF7 /* Project object */ = {
			isa = PBXProject;
			attributes = {
				BuildIndependentTargetsInParallel = 1;
				LastSwiftUpdateCheck = 1540;
				LastUpgradeCheck = 1540;
				TargetAttributes = {
					CC030AAF2C3E5267004C9EF7 = {
						CreatedOnToolsVersion = 15.4;
					};
				};
			};
			buildConfigurationList = CC030AAB2C3E5267004C9EF7 /* Build configuration list for PBXProject "advertsSwiftUI" */;
			compatibilityVersion = "Xcode 14.0";
			developmentRegion = en;
			hasScannedForEncodings = 0;
			knownRegions = (
				en,
				Base,
			);
			mainGroup = CC030AA72C3E5267004C9EF7;
			packageReferences = (
				CC030AC72C3E577C004C9EF7 /* XCRemoteSwiftPackageReference "yandex-ads-sdk-ios" */,
			);
			productRefGroup = CC030AB12C3E5267004C9EF7 /* Products */;
			projectDirPath = "";
			projectRoot = "";
			targets = (
				CC030AAF2C3E5267004C9EF7 /* advertsSwiftUI */,
			);
		};
/* End PBXProject section */

/* Begin PBXResourcesBuildPhase section */
		CC030AAE2C3E5267004C9EF7 /* Resources */ = {
			isa = PBXResourcesBuildPhase;
			buildActionMask = 2147483647;
			files = (
				CC030ACB2C3E57B4004C9EF7 /* MobileAdsBundle.bundle in Resources */,
				CC030ABB2C3E5269004C9EF7 /* Preview Assets.xcassets in Resources */,
				CC030AB82C3E5269004C9EF7 /* Assets.xcassets in Resources */,
			);
			runOnlyForDeploymentPostprocessing = 0;
		};
/* End PBXResourcesBuildPhase section */

/* Begin PBXSourcesBuildPhase section */
		CC030AAC2C3E5267004C9EF7 /* Sources */ = {
			isa = PBXSourcesBuildPhase;
			buildActionMask = 2147483647;
			files = (
				CC030AC42C3E56D1004C9EF7 /* testRepView.swift in Sources */,
				CC030AB62C3E5267004C9EF7 /* ContentView.swift in Sources */,
				CC1D17482C3FF6F00097A248 /* AdvertsView.swift in Sources */,
				CC030AB42C3E5267004C9EF7 /* advertsSwiftUIApp.swift in Sources */,
			);
			runOnlyForDeploymentPostprocessing = 0;
		};
/* End PBXSourcesBuildPhase section */

/* Begin XCBuildConfiguration section */
		CC030ABC2C3E5269004C9EF7 /* Debug */ = {
			isa = XCBuildConfiguration;
			buildSettings = {
				ALWAYS_SEARCH_USER_PATHS = NO;
				ASSETCATALOG_COMPILER_GENERATE_SWIFT_ASSET_SYMBOL_EXTENSIONS = YES;
				CLANG_ANALYZER_NONNULL = YES;
				CLANG_ANALYZER_NUMBER_OBJECT_CONVERSION = YES_AGGRESSIVE;
				CLANG_CXX_LANGUAGE_STANDARD = "gnu++20";
				CLANG_ENABLE_MODULES = YES;
				CLANG_ENABLE_OBJC_ARC = YES;
				CLANG_ENABLE_OBJC_WEAK = YES;
				CLANG_WARN_BLOCK_CAPTURE_AUTORELEASING = YES;
				CLANG_WARN_BOOL_CONVERSION = YES;
				CLANG_WARN_COMMA = YES;
				CLANG_WARN_CONSTANT_CONVERSION = YES;
				CLANG_WARN_DEPRECATED_OBJC_IMPLEMENTATIONS = YES;
				CLANG_WARN_DIRECT_OBJC_ISA_USAGE = YES_ERROR;
				CLANG_WARN_DOCUMENTATION_COMMENTS = YES;
				CLANG_WARN_EMPTY_BODY = YES;
				CLANG_WARN_ENUM_CONVERSION = YES;
				CLANG_WARN_INFINITE_RECURSION = YES;
				CLANG_WARN_INT_CONVERSION = YES;
				CLANG_WARN_NON_LITERAL_NULL_CONVERSION = YES;
				CLANG_WARN_OBJC_IMPLICIT_RETAIN_SELF = YES;
				CLANG_WARN_OBJC_LITERAL_CONVERSION = YES;
				CLANG_WARN_OBJC_ROOT_CLASS = YES_ERROR;
				CLANG_WARN_QUOTED_INCLUDE_IN_FRAMEWORK_HEADER = YES;
				CLANG_WARN_RANGE_LOOP_ANALYSIS = YES;
				CLANG_WARN_STRICT_PROTOTYPES = YES;
				CLANG_WARN_SUSPICIOUS_MOVE = YES;
				CLANG_WARN_UNGUARDED_AVAILABILITY = YES_AGGRESSIVE;
				CLANG_WARN_UNREACHABLE_CODE = YES;
				CLANG_WARN__DUPLICATE_METHOD_MATCH = YES;
				COPY_PHASE_STRIP = NO;
				DEBUG_INFORMATION_FORMAT = dwarf;
				ENABLE_STRICT_OBJC_MSGSEND = YES;
				ENABLE_TESTABILITY = YES;
				ENABLE_USER_SCRIPT_SANDBOXING = YES;
				GCC_C_LANGUAGE_STANDARD = gnu17;
				GCC_DYNAMIC_NO_PIC = NO;
				GCC_NO_COMMON_BLOCKS = YES;
				GCC_OPTIMIZATION_LEVEL = 0;
				GCC_PREPROCESSOR_DEFINITIONS = (
					"DEBUG=1",
					"$(inherited)",
				);
				GCC_WARN_64_TO_32_BIT_CONVERSION = YES;
				GCC_WARN_ABOUT_RETURN_TYPE = YES_ERROR;
				GCC_WARN_UNDECLARED_SELECTOR = YES;
				GCC_WARN_UNINITIALIZED_AUTOS = YES_AGGRESSIVE;
				GCC_WARN_UNUSED_FUNCTION = YES;
				GCC_WARN_UNUSED_VARIABLE = YES;
				IPHONEOS_DEPLOYMENT_TARGET = 17.5;
				LOCALIZATION_PREFERS_STRING_CATALOGS = YES;
				MTL_ENABLE_DEBUG_INFO = INCLUDE_SOURCE;
				MTL_FAST_MATH = YES;
				ONLY_ACTIVE_ARCH = YES;
				SDKROOT = iphoneos;
				SWIFT_ACTIVE_COMPILATION_CONDITIONS = "DEBUG $(inherited)";
				SWIFT_OPTIMIZATION_LEVEL = "-Onone";
			};
			name = Debug;
		};
		CC030ABD2C3E5269004C9EF7 /* Release */ = {
			isa = XCBuildConfiguration;
			buildSettings = {
				ALWAYS_SEARCH_USER_PATHS = NO;
				ASSETCATALOG_COMPILER_GENERATE_SWIFT_ASSET_SYMBOL_EXTENSIONS = YES;
				CLANG_ANALYZER_NONNULL = YES;
				CLANG_ANALYZER_NUMBER_OBJECT_CONVERSION = YES_AGGRESSIVE;
				CLANG_CXX_LANGUAGE_STANDARD = "gnu++20";
				CLANG_ENABLE_MODULES = YES;
				CLANG_ENABLE_OBJC_ARC = YES;
				CLANG_ENABLE_OBJC_WEAK = YES;
				CLANG_WARN_BLOCK_CAPTURE_AUTORELEASING = YES;
				CLANG_WARN_BOOL_CONVERSION = YES;
				CLANG_WARN_COMMA = YES;
				CLANG_WARN_CONSTANT_CONVERSION = YES;
				CLANG_WARN_DEPRECATED_OBJC_IMPLEMENTATIONS = YES;
				CLANG_WARN_DIRECT_OBJC_ISA_USAGE = YES_ERROR;
				CLANG_WARN_DOCUMENTATION_COMMENTS = YES;
				CLANG_WARN_EMPTY_BODY = YES;
				CLANG_WARN_ENUM_CONVERSION = YES;
				CLANG_WARN_INFINITE_RECURSION = YES;
				CLANG_WARN_INT_CONVERSION = YES;
				CLANG_WARN_NON_LITERAL_NULL_CONVERSION = YES;
				CLANG_WARN_OBJC_IMPLICIT_RETAIN_SELF = YES;
				CLANG_WARN_OBJC_LITERAL_CONVERSION = YES;
				CLANG_WARN_OBJC_ROOT_CLASS = YES_ERROR;
				CLANG_WARN_QUOTED_INCLUDE_IN_FRAMEWORK_HEADER = YES;
				CLANG_WARN_RANGE_LOOP_ANALYSIS = YES;
				CLANG_WARN_STRICT_PROTOTYPES = YES;
				CLANG_WARN_SUSPICIOUS_MOVE = YES;
				CLANG_WARN_UNGUARDED_AVAILABILITY = YES_AGGRESSIVE;
				CLANG_WARN_UNREACHABLE_CODE = YES;
				CLANG_WARN__DUPLICATE_METHOD_MATCH = YES;
				COPY_PHASE_STRIP = NO;
				DEBUG_INFORMATION_FORMAT = "dwarf-with-dsym";
				ENABLE_NS_ASSERTIONS = NO;
				ENABLE_STRICT_OBJC_MSGSEND = YES;
				ENABLE_USER_SCRIPT_SANDBOXING = YES;
				GCC_C_LANGUAGE_STANDARD = gnu17;
				GCC_NO_COMMON_BLOCKS = YES;
				GCC_WARN_64_TO_32_BIT_CONVERSION = YES;
				GCC_WARN_ABOUT_RETURN_TYPE = YES_ERROR;
				GCC_WARN_UNDECLARED_SELECTOR = YES;
				GCC_WARN_UNINITIALIZED_AUTOS = YES_AGGRESSIVE;
				GCC_WARN_UNUSED_FUNCTION = YES;
				GCC_WARN_UNUSED_VARIABLE = YES;
				IPHONEOS_DEPLOYMENT_TARGET = 17.5;
				LOCALIZATION_PREFERS_STRING_CATALOGS = YES;
				MTL_ENABLE_DEBUG_INFO = NO;
				MTL_FAST_MATH = YES;
				SDKROOT = iphoneos;
				SWIFT_COMPILATION_MODE = wholemodule;
				VALIDATE_PRODUCT = YES;
			};
			name = Release;
		};
		CC030ABF2C3E5269004C9EF7 /* Debug */ = {
			isa = XCBuildConfiguration;
			buildSettings = {
				ASSETCATALOG_COMPILER_APPICON_NAME = AppIcon;
				ASSETCATALOG_COMPILER_GLOBAL_ACCENT_COLOR_NAME = AccentColor;
				CODE_SIGN_STYLE = Automatic;
				CURRENT_PROJECT_VERSION = 1;
				DEVELOPMENT_ASSET_PATHS = "\"advertsSwiftUI/Preview Content\"";
				DEVELOPMENT_TEAM = QGW6TP9GF7;
				ENABLE_PREVIEWS = YES;
				GENERATE_INFOPLIST_FILE = YES;
				INFOPLIST_KEY_UIApplicationSceneManifest_Generation = YES;
				INFOPLIST_KEY_UIApplicationSupportsIndirectInputEvents = YES;
				INFOPLIST_KEY_UILaunchScreen_Generation = YES;
				INFOPLIST_KEY_UISupportedInterfaceOrientations_iPad = "UIInterfaceOrientationPortrait UIInterfaceOrientationPortraitUpsideDown UIInterfaceOrientationLandscapeLeft UIInterfaceOrientationLandscapeRight";
				INFOPLIST_KEY_UISupportedInterfaceOrientations_iPhone = "UIInterfaceOrientationPortrait UIInterfaceOrientationLandscapeLeft UIInterfaceOrientationLandscapeRight";
				LD_RUNPATH_SEARCH_PATHS = (
					"$(inherited)",
					"@executable_path/Frameworks",
				);
				MARKETING_VERSION = 1.0;
				OTHER_LDFLAGS = "-ObjC";
				PRODUCT_BUNDLE_IDENTIFIER = "-3devs.advertsSwiftUI";
				PRODUCT_NAME = "$(TARGET_NAME)";
				SWIFT_EMIT_LOC_STRINGS = YES;
				SWIFT_VERSION = 5.0;
				TARGETED_DEVICE_FAMILY = "1,2";
			};
			name = Debug;
		};
		CC030AC02C3E5269004C9EF7 /* Release */ = {
			isa = XCBuildConfiguration;
			buildSettings = {
				ASSETCATALOG_COMPILER_APPICON_NAME = AppIcon;
				ASSETCATALOG_COMPILER_GLOBAL_ACCENT_COLOR_NAME = AccentColor;
				CODE_SIGN_STYLE = Automatic;
				CURRENT_PROJECT_VERSION = 1;
				DEVELOPMENT_ASSET_PATHS = "\"advertsSwiftUI/Preview Content\"";
				DEVELOPMENT_TEAM = QGW6TP9GF7;
				ENABLE_PREVIEWS = YES;
				GENERATE_INFOPLIST_FILE = YES;
				INFOPLIST_KEY_UIApplicationSceneManifest_Generation = YES;
				INFOPLIST_KEY_UIApplicationSupportsIndirectInputEvents = YES;
				INFOPLIST_KEY_UILaunchScreen_Generation = YES;
				INFOPLIST_KEY_UISupportedInterfaceOrientations_iPad = "UIInterfaceOrientationPortrait UIInterfaceOrientationPortraitUpsideDown UIInterfaceOrientationLandscapeLeft UIInterfaceOrientationLandscapeRight";
				INFOPLIST_KEY_UISupportedInterfaceOrientations_iPhone = "UIInterfaceOrientationPortrait UIInterfaceOrientationLandscapeLeft UIInterfaceOrientationLandscapeRight";
				LD_RUNPATH_SEARCH_PATHS = (
					"$(inherited)",
					"@executable_path/Frameworks",
				);
				MARKETING_VERSION = 1.0;
				OTHER_LDFLAGS = "-ObjC";
				PRODUCT_BUNDLE_IDENTIFIER = "-3devs.advertsSwiftUI";
				PRODUCT_NAME = "$(TARGET_NAME)";
				SWIFT_EMIT_LOC_STRINGS = YES;
				SWIFT_VERSION = 5.0;
				TARGETED_DEVICE_FAMILY = "1,2";
			};
			name = Release;
		};
/* End XCBuildConfiguration section */

/* Begin XCConfigurationList section */
		CC030AAB2C3E5267004C9EF7 /* Build configuration list for PBXProject "advertsSwiftUI" */ = {
			isa = XCConfigurationList;
			buildConfigurations = (
				CC030ABC2C3E5269004C9EF7 /* Debug */,
				CC030ABD2C3E5269004C9EF7 /* Release */,
			);
			defaultConfigurationIsVisible = 0;
			defaultConfigurationName = Release;
		};
		CC030ABE2C3E5269004C9EF7 /* Build configuration list for PBXNativeTarget "advertsSwiftUI" */ = {
			isa = XCConfigurationList;
			buildConfigurations = (
				CC030ABF2C3E5269004C9EF7 /* Debug */,
				CC030AC02C3E5269004C9EF7 /* Release */,
			);
			defaultConfigurationIsVisible = 0;
			defaultConfigurationName = Release;
		};
/* End XCConfigurationList section */

/* Begin XCRemoteSwiftPackageReference section */
		CC030AC72C3E577C004C9EF7 /* XCRemoteSwiftPackageReference "yandex-ads-sdk-ios" */ = {
			isa = XCRemoteSwiftPackageReference;
			repositoryURL = "https://github.com/yandexmobile/yandex-ads-sdk-ios";
			requirement = {
				kind = upToNextMajorVersion;
				minimumVersion = 7.1.1;
			};
		};
/* End XCRemoteSwiftPackageReference section */

/* Begin XCSwiftPackageProductDependency section */
		CC030AC82C3E577C004C9EF7 /* YandexMobileAdsPackage */ = {
			isa = XCSwiftPackageProductDependency;
			package = CC030AC72C3E577C004C9EF7 /* XCRemoteSwiftPackageReference "yandex-ads-sdk-ios" */;
			productName = YandexMobileAdsPackage;
		};
/* End XCSwiftPackageProductDependency section */
	};
	rootObject = CC030AA82C3E5267004C9EF7 /* Project object */;
}
